{
  "name": "those-who-came-before",
  "version": "0.1.0",
  "lockfileVersion": 3,
  "requires": true,
  "packages": {
    "": {
      "name": "those-who-came-before",
      "version": "0.1.0",
      "license": "ISC",
      "dependencies": {
        "rita": "^3.1.2"
      },
      "devDependencies": {
        "typescript": "^5.5.3"
      }
    },
    "node_modules/@chevrotain/cst-dts-gen": {
      "version": "11.0.3",
      "resolved": "https://registry.npmjs.org/@chevrotain/cst-dts-gen/-/cst-dts-gen-11.0.3.tgz",
      "integrity": "sha512-BvIKpRLeS/8UbfxXxgC33xOumsacaeCKAjAeLyOn7Pcp95HiRbrpl14S+9vaZLolnbssPIUuiUd8IvgkRyt6NQ==",
      "dependencies": {
        "@chevrotain/gast": "11.0.3",
        "@chevrotain/types": "11.0.3",
        "lodash-es": "4.17.21"
      }
    },
    "node_modules/@chevrotain/gast": {
      "version": "11.0.3",
      "resolved": "https://registry.npmjs.org/@chevrotain/gast/-/gast-11.0.3.tgz",
      "integrity": "sha512-+qNfcoNk70PyS/uxmj3li5NiECO+2YKZZQMbmjTqRI3Qchu8Hig/Q9vgkHpI3alNjr7M+a2St5pw5w5F6NL5/Q==",
      "dependencies": {
        "@chevrotain/types": "11.0.3",
        "lodash-es": "4.17.21"
      }
    },
    "node_modules/@chevrotain/regexp-to-ast": {
      "version": "11.0.3",
      "resolved": "https://registry.npmjs.org/@chevrotain/regexp-to-ast/-/regexp-to-ast-11.0.3.tgz",
      "integrity": "sha512-1fMHaBZxLFvWI067AVbGJav1eRY7N8DDvYCTwGBiE/ytKBgP8azTdgyrKyWZ9Mfh09eHWb5PgTSO8wi7U824RA=="
    },
    "node_modules/@chevrotain/types": {
      "version": "11.0.3",
      "resolved": "https://registry.npmjs.org/@chevrotain/types/-/types-11.0.3.tgz",
      "integrity": "sha512-gsiM3G8b58kZC2HaWR50gu6Y1440cHiJ+i3JUvcp/35JchYejb2+5MVeJK0iKThYpAa/P2PYFV4hoi44HD+aHQ=="
    },
    "node_modules/@chevrotain/utils": {
      "version": "11.0.3",
      "resolved": "https://registry.npmjs.org/@chevrotain/utils/-/utils-11.0.3.tgz",
      "integrity": "sha512-YslZMgtJUyuMbZ+aKvfF3x1f5liK4mWNxghFRv7jqRR9C3R3fAOGTTKvxXDa2Y1s9zSbcpuO0cAxDYsc9SrXoQ=="
    },
    "node_modules/@ungap/structured-clone": {
      "version": "1.2.0",
      "resolved": "https://registry.npmjs.org/@ungap/structured-clone/-/structured-clone-1.2.0.tgz",
      "integrity": "sha512-zuVdFrMJiuCDQUMCzQaD6KL28MjnqqN8XnAqiEq9PNm/hCPTSGfrXCOfwj1ow4LFb/tNymJPwsNbVePc1xFqrQ=="
    },
    "node_modules/chevrotain": {
      "version": "11.0.3",
      "resolved": "https://registry.npmjs.org/chevrotain/-/chevrotain-11.0.3.tgz",
      "integrity": "sha512-ci2iJH6LeIkvP9eJW6gpueU8cnZhv85ELY8w8WiFtNjMHA5ad6pQLaJo9mEly/9qUyCpvqX8/POVUTf18/HFdw==",
      "dependencies": {
        "@chevrotain/cst-dts-gen": "11.0.3",
        "@chevrotain/gast": "11.0.3",
        "@chevrotain/regexp-to-ast": "11.0.3",
        "@chevrotain/types": "11.0.3",
        "@chevrotain/utils": "11.0.3",
        "lodash-es": "4.17.21"
      }
    },
    "node_modules/he": {
      "version": "1.2.0",
      "resolved": "https://registry.npmjs.org/he/-/he-1.2.0.tgz",
      "integrity": "sha512-F/1DnUGPopORZi0ni+CvrCgHQ5FyEAHRLSApuYWMmrbSwoN2Mn/7k+Gl38gJnR7yyDZk6WLXwiGod1JOWNDKGw==",
      "bin": {
        "he": "bin/he"
      }
    },
    "node_modules/lodash-es": {
      "version": "4.17.21",
      "resolved": "https://registry.npmjs.org/lodash-es/-/lodash-es-4.17.21.tgz",
      "integrity": "sha512-mKnC+QJ9pWVzv+C4/U3rRsHapFfHvQFoFB92e52xeyGMcX6/OlIl78je1u8vePzYZSkkogMPJ2yjxxsb89cxyw=="
    },
    "node_modules/mingo": {
      "version": "6.4.15",
      "resolved": "https://registry.npmjs.org/mingo/-/mingo-6.4.15.tgz",
      "integrity": "sha512-fKUCGr7fUxrb7YBK6whm5O5VouXfKAVtxnb+6g3Xuwsj9Jt9u8hhMOgiUoKO4kp3DmuiN0qgpYX2H/nP3zD1Hw=="
    },
    "node_modules/riscript": {
      "version": "1.1.1",
      "resolved": "https://registry.npmjs.org/riscript/-/riscript-1.1.1.tgz",
      "integrity": "sha512-ChU+PbSb/XmU8p9nMTjw84NrrDjqnlAg3aenmOlXQDdVr1vOUGuy5IoSx2oQ22iH7tJ5iwZOsDnZqS+uBUxoPg==",
      "dependencies": {
        "chevrotain": "^11.0.3",
        "he": "^1.2.0",
        "mingo": "^6.4.8"
      },
      "engines": {
        "node": ">=14.0"
      },
      "peerDependencies": {
        "rita": "^3.0"
      },
      "peerDependenciesMeta": {
        "rita": {
          "optional": true
        }
      }
    },
    "node_modules/rita": {
      "version": "3.1.2",
      "resolved": "https://registry.npmjs.org/rita/-/rita-3.1.2.tgz",
      "integrity": "sha512-IaJqW98O8lOAtDT0D4t8itgWywI9DMAHW3OKm7OBM2kWjfb7MIlYYUJ5/DxUZJVpwvDTUxwqKgYoXgDCHlo40Q==",
      "dependencies": {
        "@ungap/structured-clone": "^1.2.0",
        "riscript": "^1.0.66"
      },
      "engines": {
        "node": ">=14.0"
      }
    },
    "node_modules/typescript": {
      "version": "5.5.3",
      "resolved": "https://registry.npmjs.org/typescript/-/typescript-5.5.3.tgz",
      "integrity": "sha512-/hreyEujaB0w76zKo6717l3L0o/qEUtRgdvUBvlkhoWeOVMjMuHNHk0BRBzikzuGDqNmPQbg5ifMEqsHLiIUcQ==",
      "dev": true,
      "bin": {
        "tsc": "bin/tsc",
        "tsserver": "bin/tsserver"
      },
      "engines": {
        "node": ">=14.17"
      }
    }
  }
}
